// !$*UTF8*$!
{
	archiveVersion = 1;
	classes = {
	};
	objectVersion = 50;
	objects = {

/* Begin PBXBuildFile section */
		C54C1C6025E6F572008EDC59 /* AppDelegate.swift in Sources */ = {isa = PBXBuildFile; fileRef = C54C1C5F25E6F572008EDC59 /* AppDelegate.swift */; };
		C54C1C6225E6F572008EDC59 /* SceneDelegate.swift in Sources */ = {isa = PBXBuildFile; fileRef = C54C1C6125E6F572008EDC59 /* SceneDelegate.swift */; };
		C54C1C6725E6F572008EDC59 /* Main.storyboard in Resources */ = {isa = PBXBuildFile; fileRef = C54C1C6525E6F572008EDC59 /* Main.storyboard */; };
		C54C1C6A25E6F572008EDC59 /* MHApp_starter.xcdatamodeld in Sources */ = {isa = PBXBuildFile; fileRef = C54C1C6825E6F572008EDC59 /* MHApp_starter.xcdatamodeld */; };
		C54C1C6C25E6F573008EDC59 /* Assets.xcassets in Resources */ = {isa = PBXBuildFile; fileRef = C54C1C6B25E6F573008EDC59 /* Assets.xcassets */; };
		C54C1C6F25E6F573008EDC59 /* LaunchScreen.storyboard in Resources */ = {isa = PBXBuildFile; fileRef = C54C1C6D25E6F573008EDC59 /* LaunchScreen.storyboard */; };
		C54C1C7825E71101008EDC59 /* HomeViewController.swift in Sources */ = {isa = PBXBuildFile; fileRef = C54C1C7725E71101008EDC59 /* HomeViewController.swift */; };
		C54C1C7E25E71149008EDC59 /* TeamsViewController.swift in Sources */ = {isa = PBXBuildFile; fileRef = C54C1C7D25E71149008EDC59 /* TeamsViewController.swift */; };
		C54C1C8125E71168008EDC59 /* AnnouncementsViewController.swift in Sources */ = {isa = PBXBuildFile; fileRef = C54C1C8025E71168008EDC59 /* AnnouncementsViewController.swift */; };
		C54C1C8425E71195008EDC59 /* ChallengesViewController.swift in Sources */ = {isa = PBXBuildFile; fileRef = C54C1C8325E71195008EDC59 /* ChallengesViewController.swift */; };
		C54C1C8825E71300008EDC59 /* CalendarViewController.swift in Sources */ = {isa = PBXBuildFile; fileRef = C54C1C8725E71300008EDC59 /* CalendarViewController.swift */; };
		E004DC4D261F812800EABB5E /* extraCalendarViewController.swift in Sources */ = {isa = PBXBuildFile; fileRef = E004DC4C261F812800EABB5E /* extraCalendarViewController.swift */; };
		E0E78E11260D5A2900AE120F /* WeekdaysView.swift in Sources */ = {isa = PBXBuildFile; fileRef = E0E78E10260D5A2900AE120F /* WeekdaysView.swift */; };
		E0E78E14260D5A4A00AE120F /* CalendarView.swift in Sources */ = {isa = PBXBuildFile; fileRef = E0E78E13260D5A4A00AE120F /* CalendarView.swift */; };
		E0E78E17260D5A6600AE120F /* MonthView.swift in Sources */ = {isa = PBXBuildFile; fileRef = E0E78E16260D5A6600AE120F /* MonthView.swift */; };
		E0FE0F5C261544030020D451 /* dayEvents.swift in Sources */ = {isa = PBXBuildFile; fileRef = E0FE0F5B261544030020D451 /* dayEvents.swift */; };
/* End PBXBuildFile section */

/* Begin PBXFileReference section */
		C54C1C5C25E6F572008EDC59 /* MHApp_starter.app */ = {isa = PBXFileReference; explicitFileType = wrapper.application; includeInIndex = 0; path = MHApp_starter.app; sourceTree = BUILT_PRODUCTS_DIR; };
		C54C1C5F25E6F572008EDC59 /* AppDelegate.swift */ = {isa = PBXFileReference; lastKnownFileType = sourcecode.swift; path = AppDelegate.swift; sourceTree = "<group>"; };
		C54C1C6125E6F572008EDC59 /* SceneDelegate.swift */ = {isa = PBXFileReference; lastKnownFileType = sourcecode.swift; path = SceneDelegate.swift; sourceTree = "<group>"; };
		C54C1C6625E6F572008EDC59 /* Base */ = {isa = PBXFileReference; lastKnownFileType = file.storyboard; name = Base; path = Base.lproj/Main.storyboard; sourceTree = "<group>"; };
		C54C1C6925E6F572008EDC59 /* MHApp_starter.xcdatamodel */ = {isa = PBXFileReference; lastKnownFileType = wrapper.xcdatamodel; path = MHApp_starter.xcdatamodel; sourceTree = "<group>"; };
		C54C1C6B25E6F573008EDC59 /* Assets.xcassets */ = {isa = PBXFileReference; lastKnownFileType = folder.assetcatalog; path = Assets.xcassets; sourceTree = "<group>"; };
		C54C1C6E25E6F573008EDC59 /* Base */ = {isa = PBXFileReference; lastKnownFileType = file.storyboard; name = Base; path = Base.lproj/LaunchScreen.storyboard; sourceTree = "<group>"; };
		C54C1C7025E6F573008EDC59 /* Info.plist */ = {isa = PBXFileReference; lastKnownFileType = text.plist.xml; path = Info.plist; sourceTree = "<group>"; };
		C54C1C7725E71101008EDC59 /* HomeViewController.swift */ = {isa = PBXFileReference; lastKnownFileType = sourcecode.swift; path = HomeViewController.swift; sourceTree = "<group>"; };
		C54C1C7D25E71149008EDC59 /* TeamsViewController.swift */ = {isa = PBXFileReference; lastKnownFileType = sourcecode.swift; path = TeamsViewController.swift; sourceTree = "<group>"; };
		C54C1C8025E71168008EDC59 /* AnnouncementsViewController.swift */ = {isa = PBXFileReference; lastKnownFileType = sourcecode.swift; path = AnnouncementsViewController.swift; sourceTree = "<group>"; };
		C54C1C8325E71195008EDC59 /* ChallengesViewController.swift */ = {isa = PBXFileReference; lastKnownFileType = sourcecode.swift; path = ChallengesViewController.swift; sourceTree = "<group>"; };
		C54C1C8725E71300008EDC59 /* CalendarViewController.swift */ = {isa = PBXFileReference; lastKnownFileType = sourcecode.swift; path = CalendarViewController.swift; sourceTree = "<group>"; };
		E004DC4C261F812800EABB5E /* extraCalendarViewController.swift */ = {isa = PBXFileReference; lastKnownFileType = sourcecode.swift; path = extraCalendarViewController.swift; sourceTree = "<group>"; };
		E0E78E10260D5A2900AE120F /* WeekdaysView.swift */ = {isa = PBXFileReference; lastKnownFileType = sourcecode.swift; path = WeekdaysView.swift; sourceTree = "<group>"; };
		E0E78E13260D5A4A00AE120F /* CalendarView.swift */ = {isa = PBXFileReference; lastKnownFileType = sourcecode.swift; path = CalendarView.swift; sourceTree = "<group>"; };
		E0E78E16260D5A6600AE120F /* MonthView.swift */ = {isa = PBXFileReference; lastKnownFileType = sourcecode.swift; path = MonthView.swift; sourceTree = "<group>"; };
		E0FE0F5B261544030020D451 /* dayEvents.swift */ = {isa = PBXFileReference; lastKnownFileType = sourcecode.swift; path = dayEvents.swift; sourceTree = "<group>"; };
/* End PBXFileReference section */

/* Begin PBXFrameworksBuildPhase section */
		C54C1C5925E6F572008EDC59 /* Frameworks */ = {
			isa = PBXFrameworksBuildPhase;
			buildActionMask = 2147483647;
			files = (
			);
			runOnlyForDeploymentPostprocessing = 0;
		};
/* End PBXFrameworksBuildPhase section */

/* Begin PBXGroup section */
		C54C1C5325E6F572008EDC59 = {
			isa = PBXGroup;
			children = (
				C54C1C5E25E6F572008EDC59 /* MHApp_starter */,
				C54C1C5D25E6F572008EDC59 /* Products */,
			);
			sourceTree = "<group>";
		};
		C54C1C5D25E6F572008EDC59 /* Products */ = {
			isa = PBXGroup;
			children = (
				C54C1C5C25E6F572008EDC59 /* MHApp_starter.app */,
			);
			name = Products;
			sourceTree = "<group>";
		};
		C54C1C5E25E6F572008EDC59 /* MHApp_starter */ = {
			isa = PBXGroup;
			children = (
				C54C1C5F25E6F572008EDC59 /* AppDelegate.swift */,
				C54C1C6125E6F572008EDC59 /* SceneDelegate.swift */,
				C54C1C6525E6F572008EDC59 /* Main.storyboard */,
				C54C1C7725E71101008EDC59 /* HomeViewController.swift */,
				C54C1C7D25E71149008EDC59 /* TeamsViewController.swift */,
				C54C1C8725E71300008EDC59 /* CalendarViewController.swift */,
				C54C1C8025E71168008EDC59 /* AnnouncementsViewController.swift */,
				C54C1C8325E71195008EDC59 /* ChallengesViewController.swift */,
				C54C1C6B25E6F573008EDC59 /* Assets.xcassets */,
				C54C1C6D25E6F573008EDC59 /* LaunchScreen.storyboard */,
				C54C1C7025E6F573008EDC59 /* Info.plist */,
				C54C1C6825E6F572008EDC59 /* MHApp_starter.xcdatamodeld */,
				E0E78E10260D5A2900AE120F /* WeekdaysView.swift */,
				E0E78E13260D5A4A00AE120F /* CalendarView.swift */,
				E0E78E16260D5A6600AE120F /* MonthView.swift */,
				E0FE0F5B261544030020D451 /* dayEvents.swift */,
				E004DC4C261F812800EABB5E /* extraCalendarViewController.swift */,
			);
			path = MHApp_starter;
			sourceTree = "<group>";
		};
/* End PBXGroup section */

/* Begin PBXNativeTarget section */
		C54C1C5B25E6F572008EDC59 /* MHApp_starter */ = {
			isa = PBXNativeTarget;
			buildConfigurationList = C54C1C7325E6F573008EDC59 /* Build configuration list for PBXNativeTarget "MHApp_starter" */;
			buildPhases = (
				C54C1C5825E6F572008EDC59 /* Sources */,
				C54C1C5925E6F572008EDC59 /* Frameworks */,
				C54C1C5A25E6F572008EDC59 /* Resources */,
			);
			buildRules = (
			);
			dependencies = (
			);
			name = MHApp_starter;
			productName = MHApp_starter;
			productReference = C54C1C5C25E6F572008EDC59 /* MHApp_starter.app */;
			productType = "com.apple.product-type.application";
		};
/* End PBXNativeTarget section */

/* Begin PBXProject section */
		C54C1C5425E6F572008EDC59 /* Project object */ = {
			isa = PBXProject;
			attributes = {
				LastSwiftUpdateCheck = 1230;
				LastUpgradeCheck = 1230;
				TargetAttributes = {
					C54C1C5B25E6F572008EDC59 = {
						CreatedOnToolsVersion = 12.3;
					};
				};
			};
			buildConfigurationList = C54C1C5725E6F572008EDC59 /* Build configuration list for PBXProject "MHApp_starter" */;
			compatibilityVersion = "Xcode 9.3";
			developmentRegion = en;
			hasScannedForEncodings = 0;
			knownRegions = (
				en,
				Base,
			);
			mainGroup = C54C1C5325E6F572008EDC59;
			productRefGroup = C54C1C5D25E6F572008EDC59 /* Products */;
			projectDirPath = "";
			projectRoot = "";
			targets = (
				C54C1C5B25E6F572008EDC59 /* MHApp_starter */,
			);
		};
/* End PBXProject section */

/* Begin PBXResourcesBuildPhase section */
		C54C1C5A25E6F572008EDC59 /* Resources */ = {
			isa = PBXResourcesBuildPhase;
			buildActionMask = 2147483647;
			files = (
				C54C1C6F25E6F573008EDC59 /* LaunchScreen.storyboard in Resources */,
				C54C1C6C25E6F573008EDC59 /* Assets.xcassets in Resources */,
				C54C1C6725E6F572008EDC59 /* Main.storyboard in Resources */,
			);
			runOnlyForDeploymentPostprocessing = 0;
		};
/* End PBXResourcesBuildPhase section */

/* Begin PBXSourcesBuildPhase section */
		C54C1C5825E6F572008EDC59 /* Sources */ = {
			isa = PBXSourcesBuildPhase;
			buildActionMask = 2147483647;
			files = (
				E0E78E17260D5A6600AE120F /* MonthView.swift in Sources */,
				E0E78E14260D5A4A00AE120F /* CalendarView.swift in Sources */,
				C54C1C7825E71101008EDC59 /* HomeViewController.swift in Sources */,
				E0E78E11260D5A2900AE120F /* WeekdaysView.swift in Sources */,
				C54C1C6A25E6F572008EDC59 /* MHApp_starter.xcdatamodeld in Sources */,
				E0FE0F5C261544030020D451 /* dayEvents.swift in Sources */,
				C54C1C8125E71168008EDC59 /* AnnouncementsViewController.swift in Sources */,
				C54C1C8425E71195008EDC59 /* ChallengesViewController.swift in Sources */,
				C54C1C6025E6F572008EDC59 /* AppDelegate.swift in Sources */,
				E004DC4D261F812800EABB5E /* extraCalendarViewController.swift in Sources */,
				C54C1C8825E71300008EDC59 /* CalendarViewController.swift in Sources */,
				C54C1C7E25E71149008EDC59 /* TeamsViewController.swift in Sources */,
				C54C1C6225E6F572008EDC59 /* SceneDelegate.swift in Sources */,
			);
			runOnlyForDeploymentPostprocessing = 0;
		};
/* End PBXSourcesBuildPhase section */

/* Begin PBXVariantGroup section */
		C54C1C6525E6F572008EDC59 /* Main.storyboard */ = {
			isa = PBXVariantGroup;
			children = (
				C54C1C6625E6F572008EDC59 /* Base */,
			);
			name = Main.storyboard;
			sourceTree = "<group>";
		};
		C54C1C6D25E6F573008EDC59 /* LaunchScreen.storyboard */ = {
			isa = PBXVariantGroup;
			children = (
				C54C1C6E25E6F573008EDC59 /* Base */,
			);
			name = LaunchScreen.storyboard;
			sourceTree = "<group>";
		};
/* End PBXVariantGroup section */

/* Begin XCBuildConfiguration section */
		C54C1C7125E6F573008EDC59 /* Debug */ = {
			isa = XCBuildConfiguration;
			buildSettings = {
				ALWAYS_SEARCH_USER_PATHS = NO;
				CLANG_ANALYZER_NONNULL = YES;
				CLANG_ANALYZER_NUMBER_OBJECT_CONVERSION = YES_AGGRESSIVE;
				CLANG_CXX_LANGUAGE_STANDARD = "gnu++14";
				CLANG_CXX_LIBRARY = "libc++";
				CLANG_ENABLE_MODULES = YES;
				CLANG_ENABLE_OBJC_ARC = YES;
				CLANG_ENABLE_OBJC_WEAK = YES;
				CLANG_WARN_BLOCK_CAPTURE_AUTORELEASING = YES;
				CLANG_WARN_BOOL_CONVERSION = YES;
				CLANG_WARN_COMMA = YES;
				CLANG_WARN_CONSTANT_CONVERSION = YES;
				CLANG_WARN_DEPRECATED_OBJC_IMPLEMENTATIONS = YES;
				CLANG_WARN_DIRECT_OBJC_ISA_USAGE = YES_ERROR;
				CLANG_WARN_DOCUMENTATION_COMMENTS = YES;
				CLANG_WARN_EMPTY_BODY = YES;
				CLANG_WARN_ENUM_CONVERSION = YES;
				CLANG_WARN_INFINITE_RECURSION = YES;
				CLANG_WARN_INT_CONVERSION = YES;
				CLANG_WARN_NON_LITERAL_NULL_CONVERSION = YES;
				CLANG_WARN_OBJC_IMPLICIT_RETAIN_SELF = YES;
				CLANG_WARN_OBJC_LITERAL_CONVERSION = YES;
				CLANG_WARN_OBJC_ROOT_CLASS = YES_ERROR;
				CLANG_WARN_QUOTED_INCLUDE_IN_FRAMEWORK_HEADER = YES;
				CLANG_WARN_RANGE_LOOP_ANALYSIS = YES;
				CLANG_WARN_STRICT_PROTOTYPES = YES;
				CLANG_WARN_SUSPICIOUS_MOVE = YES;
				CLANG_WARN_UNGUARDED_AVAILABILITY = YES_AGGRESSIVE;
				CLANG_WARN_UNREACHABLE_CODE = YES;
				CLANG_WARN__DUPLICATE_METHOD_MATCH = YES;
				COPY_PHASE_STRIP = NO;
				DEBUG_INFORMATION_FORMAT = dwarf;
				ENABLE_STRICT_OBJC_MSGSEND = YES;
				ENABLE_TESTABILITY = YES;
				GCC_C_LANGUAGE_STANDARD = gnu11;
				GCC_DYNAMIC_NO_PIC = NO;
				GCC_NO_COMMON_BLOCKS = YES;
				GCC_OPTIMIZATION_LEVEL = 0;
				GCC_PREPROCESSOR_DEFINITIONS = (
					"DEBUG=1",
					"$(inherited)",
				);
				GCC_WARN_64_TO_32_BIT_CONVERSION = YES;
				GCC_WARN_ABOUT_RETURN_TYPE = YES_ERROR;
				GCC_WARN_UNDECLARED_SELECTOR = YES;
				GCC_WARN_UNINITIALIZED_AUTOS = YES_AGGRESSIVE;
				GCC_WARN_UNUSED_FUNCTION = YES;
				GCC_WARN_UNUSED_VARIABLE = YES;
				IPHONEOS_DEPLOYMENT_TARGET = 14.3;
				MTL_ENABLE_DEBUG_INFO = INCLUDE_SOURCE;
				MTL_FAST_MATH = YES;
				ONLY_ACTIVE_ARCH = YES;
				SDKROOT = iphoneos;
				SWIFT_ACTIVE_COMPILATION_CONDITIONS = DEBUG;
				SWIFT_OPTIMIZATION_LEVEL = "-Onone";
			};
			name = Debug;
		};
		C54C1C7225E6F573008EDC59 /* Release */ = {
			isa = XCBuildConfiguration;
			buildSettings = {
				ALWAYS_SEARCH_USER_PATHS = NO;
				CLANG_ANALYZER_NONNULL = YES;
				CLANG_ANALYZER_NUMBER_OBJECT_CONVERSION = YES_AGGRESSIVE;
				CLANG_CXX_LANGUAGE_STANDARD = "gnu++14";
				CLANG_CXX_LIBRARY = "libc++";
				CLANG_ENABLE_MODULES = YES;
				CLANG_ENABLE_OBJC_ARC = YES;
				CLANG_ENABLE_OBJC_WEAK = YES;
				CLANG_WARN_BLOCK_CAPTURE_AUTORELEASING = YES;
				CLANG_WARN_BOOL_CONVERSION = YES;
				CLANG_WARN_COMMA = YES;
				CLANG_WARN_CONSTANT_CONVERSION = YES;
				CLANG_WARN_DEPRECATED_OBJC_IMPLEMENTATIONS = YES;
				CLANG_WARN_DIRECT_OBJC_ISA_USAGE = YES_ERROR;
				CLANG_WARN_DOCUMENTATION_COMMENTS = YES;
				CLANG_WARN_EMPTY_BODY = YES;
				CLANG_WARN_ENUM_CONVERSION = YES;
				CLANG_WARN_INFINITE_RECURSION = YES;
				CLANG_WARN_INT_CONVERSION = YES;
				CLANG_WARN_NON_LITERAL_NULL_CONVERSION = YES;
				CLANG_WARN_OBJC_IMPLICIT_RETAIN_SELF = YES;
				CLANG_WARN_OBJC_LITERAL_CONVERSION = YES;
				CLANG_WARN_OBJC_ROOT_CLASS = YES_ERROR;
				CLANG_WARN_QUOTED_INCLUDE_IN_FRAMEWORK_HEADER = YES;
				CLANG_WARN_RANGE_LOOP_ANALYSIS = YES;
				CLANG_WARN_STRICT_PROTOTYPES = YES;
				CLANG_WARN_SUSPICIOUS_MOVE = YES;
				CLANG_WARN_UNGUARDED_AVAILABILITY = YES_AGGRESSIVE;
				CLANG_WARN_UNREACHABLE_CODE = YES;
				CLANG_WARN__DUPLICATE_METHOD_MATCH = YES;
				COPY_PHASE_STRIP = NO;
				DEBUG_INFORMATION_FORMAT = "dwarf-with-dsym";
				ENABLE_NS_ASSERTIONS = NO;
				ENABLE_STRICT_OBJC_MSGSEND = YES;
				GCC_C_LANGUAGE_STANDARD = gnu11;
				GCC_NO_COMMON_BLOCKS = YES;
				GCC_WARN_64_TO_32_BIT_CONVERSION = YES;
				GCC_WARN_ABOUT_RETURN_TYPE = YES_ERROR;
				GCC_WARN_UNDECLARED_SELECTOR = YES;
				GCC_WARN_UNINITIALIZED_AUTOS = YES_AGGRESSIVE;
				GCC_WARN_UNUSED_FUNCTION = YES;
				GCC_WARN_UNUSED_VARIABLE = YES;
				IPHONEOS_DEPLOYMENT_TARGET = 14.3;
				MTL_ENABLE_DEBUG_INFO = NO;
				MTL_FAST_MATH = YES;
				SDKROOT = iphoneos;
				SWIFT_COMPILATION_MODE = wholemodule;
				SWIFT_OPTIMIZATION_LEVEL = "-O";
				VALIDATE_PRODUCT = YES;
			};
			name = Release;
		};
		C54C1C7425E6F573008EDC59 /* Debug */ = {
			isa = XCBuildConfiguration;
			buildSettings = {
				ASSETCATALOG_COMPILER_APPICON_NAME = AppIcon;
				ASSETCATALOG_COMPILER_GLOBAL_ACCENT_COLOR_NAME = AccentColor;
				CODE_SIGN_STYLE = Automatic;
				DEVELOPMENT_TEAM = 6WM3L6GXTU;
				INFOPLIST_FILE = MHApp_starter/Info.plist;
				LD_RUNPATH_SEARCH_PATHS = (
					"$(inherited)",
					"@executable_path/Frameworks",
				);
				PRODUCT_BUNDLE_IDENTIFIER = "com.example.69784870.MHApp-starter";
				PRODUCT_NAME = "$(TARGET_NAME)";
				SWIFT_VERSION = 5.0;
				TARGETED_DEVICE_FAMILY = "1,2";
			};
			name = Debug;
		};
		C54C1C7525E6F573008EDC59 /* Release */ = {
			isa = XCBuildConfiguration;
			buildSettings = {
				ASSETCATALOG_COMPILER_APPICON_NAME = AppIcon;
				ASSETCATALOG_COMPILER_GLOBAL_ACCENT_COLOR_NAME = AccentColor;
				CODE_SIGN_STYLE = Automatic;
				DEVELOPMENT_TEAM = 6WM3L6GXTU;
				INFOPLIST_FILE = MHApp_starter/Info.plist;
				LD_RUNPATH_SEARCH_PATHS = (
					"$(inherited)",
					"@executable_path/Frameworks",
				);
				PRODUCT_BUNDLE_IDENTIFIER = "com.example.69784870.MHApp-starter";
				PRODUCT_NAME = "$(TARGET_NAME)";
				SWIFT_VERSION = 5.0;
				TARGETED_DEVICE_FAMILY = "1,2";
			};
			name = Release;
		};
/* End XCBuildConfiguration section */

/* Begin XCConfigurationList section */
		C54C1C5725E6F572008EDC59 /* Build configuration list for PBXProject "MHApp_starter" */ = {
			isa = XCConfigurationList;
			buildConfigurations = (
				C54C1C7125E6F573008EDC59 /* Debug */,
				C54C1C7225E6F573008EDC59 /* Release */,
			);
			defaultConfigurationIsVisible = 0;
			defaultConfigurationName = Release;
		};
		C54C1C7325E6F573008EDC59 /* Build configuration list for PBXNativeTarget "MHApp_starter" */ = {
			isa = XCConfigurationList;
			buildConfigurations = (
				C54C1C7425E6F573008EDC59 /* Debug */,
				C54C1C7525E6F573008EDC59 /* Release */,
			);
			defaultConfigurationIsVisible = 0;
			defaultConfigurationName = Release;
		};
/* End XCConfigurationList section */

/* Begin XCVersionGroup section */
		C54C1C6825E6F572008EDC59 /* MHApp_starter.xcdatamodeld */ = {
			isa = XCVersionGroup;
			children = (
				C54C1C6925E6F572008EDC59 /* MHApp_starter.xcdatamodel */,
			);
			currentVersion = C54C1C6925E6F572008EDC59 /* MHApp_starter.xcdatamodel */;
			path = MHApp_starter.xcdatamodeld;
			sourceTree = "<group>";
			versionGroupType = wrapper.xcdatamodel;
		};
/* End XCVersionGroup section */
	};
	rootObject = C54C1C5425E6F572008EDC59 /* Project object */;
}
